
Microsoft Visual Studio Solution File, Format Version 12.00
# Visual Studio 2013
VisualStudioVersion = 12.0.30501.0
MinimumVisualStudioVersion = 10.0.40219.1
Project("{FAE04EC0-301F-11D3-BF4B-00C04F79EFBC}") = "King.Data.Sql.Reflection", "King.Data.Sql.Reflection\King.Data.Sql.Reflection.csproj", "{E6E922EB-9C22-4BA4-9FDE-D0955426FDFE}"
EndProject
Project("{2150E333-8FDC-42A3-9474-1A3956D46DE8}") = "Test", "Test", "{7973CBE9-AF7B-44DB-94A3-ECD21D569AC4}"
EndProject
Project("{2150E333-8FDC-42A3-9474-1A3956D46DE8}") = ".nuget", ".nuget", "{52A5E9CC-3711-4B72-9FCA-E1411892BC1E}"
	ProjectSection(SolutionItems) = preProject
		.nuget\NuGet.Config = .nuget\NuGet.Config
		.nuget\NuGet.exe = .nuget\NuGet.exe
		.nuget\NuGet.targets = .nuget\NuGet.targets
	EndProjectSection
EndProject
Project("{FAE04EC0-301F-11D3-BF4B-00C04F79EFBC}") = "King.Data.Sql.Reflection.Unit.Test", "King.Data.Sql.Reflection.Unit.Test\King.Data.Sql.Reflection.Unit.Test.csproj", "{A7CD34B1-1C10-4AD9-95CA-2DC31D4020BD}"
EndProject
Project("{FAE04EC0-301F-11D3-BF4B-00C04F79EFBC}") = "King.Data.Sql.Reflection.Integration.Test", "King.Data.Sql.Reflection.Integration.Test\King.Data.Sql.Reflection.Integration.Test.csproj", "{28A4B2EB-2EC4-457A-8C3C-253470CE83BD}"
EndProject
Project("{00D1A9C2-B5F0-4AF3-8072-F6C62B433612}") = "King.Data.Sql.Reflection.Data", "King.Data.Sql.Reflection.Data\King.Data.Sql.Reflection.Data.sqlproj", "{23AB5E89-B1B3-4717-BE3D-C4DD15D73F28}"
EndProject
Global
	GlobalSection(SolutionConfigurationPlatforms) = preSolution
		Debug|Any CPU = Debug|Any CPU
		Release|Any CPU = Release|Any CPU
	EndGlobalSection
	GlobalSection(ProjectConfigurationPlatforms) = postSolution
		{E6E922EB-9C22-4BA4-9FDE-D0955426FDFE}.Debug|Any CPU.ActiveCfg = Debug|Any CPU
		{E6E922EB-9C22-4BA4-9FDE-D0955426FDFE}.Debug|Any CPU.Build.0 = Debug|Any CPU
		{E6E922EB-9C22-4BA4-9FDE-D0955426FDFE}.Release|Any CPU.ActiveCfg = Release|Any CPU
		{E6E922EB-9C22-4BA4-9FDE-D0955426FDFE}.Release|Any CPU.Build.0 = Release|Any CPU
		{A7CD34B1-1C10-4AD9-95CA-2DC31D4020BD}.Debug|Any CPU.ActiveCfg = Debug|Any CPU
		{A7CD34B1-1C10-4AD9-95CA-2DC31D4020BD}.Debug|Any CPU.Build.0 = Debug|Any CPU
		{A7CD34B1-1C10-4AD9-95CA-2DC31D4020BD}.Release|Any CPU.ActiveCfg = Release|Any CPU
		{A7CD34B1-1C10-4AD9-95CA-2DC31D4020BD}.Release|Any CPU.Build.0 = Release|Any CPU
		{28A4B2EB-2EC4-457A-8C3C-253470CE83BD}.Debug|Any CPU.ActiveCfg = Debug|Any CPU
		{28A4B2EB-2EC4-457A-8C3C-253470CE83BD}.Debug|Any CPU.Build.0 = Debug|Any CPU
		{28A4B2EB-2EC4-457A-8C3C-253470CE83BD}.Release|Any CPU.ActiveCfg = Release|Any CPU
		{28A4B2EB-2EC4-457A-8C3C-253470CE83BD}.Release|Any CPU.Build.0 = Release|Any CPU
		{23AB5E89-B1B3-4717-BE3D-C4DD15D73F28}.Debug|Any CPU.ActiveCfg = Debug|Any CPU
		{23AB5E89-B1B3-4717-BE3D-C4DD15D73F28}.Debug|Any CPU.Build.0 = Debug|Any CPU
		{23AB5E89-B1B3-4717-BE3D-C4DD15D73F28}.Debug|Any CPU.Deploy.0 = Debug|Any CPU
		{23AB5E89-B1B3-4717-BE3D-C4DD15D73F28}.Release|Any CPU.ActiveCfg = Release|Any CPU
		{23AB5E89-B1B3-4717-BE3D-C4DD15D73F28}.Release|Any CPU.Build.0 = Release|Any CPU
		{23AB5E89-B1B3-4717-BE3D-C4DD15D73F28}.Release|Any CPU.Deploy.0 = Release|Any CPU
	EndGlobalSection
	GlobalSection(SolutionProperties) = preSolution
		HideSolutionNode = FALSE
	EndGlobalSection
	GlobalSection(NestedProjects) = preSolution
		{A7CD34B1-1C10-4AD9-95CA-2DC31D4020BD} = {7973CBE9-AF7B-44DB-94A3-ECD21D569AC4}
		{28A4B2EB-2EC4-457A-8C3C-253470CE83BD} = {7973CBE9-AF7B-44DB-94A3-ECD21D569AC4}
		{23AB5E89-B1B3-4717-BE3D-C4DD15D73F28} = {7973CBE9-AF7B-44DB-94A3-ECD21D569AC4}
	EndGlobalSection
EndGlobal
